
Microsoft Visual Studio Solution File, Format Version 12.00
# Visual Studio 2013
VisualStudioVersion = 12.0.30723.0
MinimumVisualStudioVersion = 10.0.40219.1
Project("{2150E333-8FDC-42A3-9474-1A3956D46DE8}") = ".nuget", ".nuget", "{101BE0CF-C46D-4F91-8EF4-4439BC2C19F5}"
	ProjectSection(SolutionItems) = preProject
		.nuget\NuGet.Config = .nuget\NuGet.Config
		.nuget\NuGet.exe = .nuget\NuGet.exe
		.nuget\NuGet.targets = .nuget\NuGet.targets
	EndProjectSection
EndProject
Project("{FAE04EC0-301F-11D3-BF4B-00C04F79EFBC}") = "EventosApp", "EventosApp\EventosApp.csproj", "{57FD13F8-696A-407E-8913-CA26A806E7FA}"
EndProject
Global
	GlobalSection(SolutionConfigurationPlatforms) = preSolution
		Debug|Any CPU = Debug|Any CPU
		Release|Any CPU = Release|Any CPU
	EndGlobalSection
	GlobalSection(ProjectConfigurationPlatforms) = postSolution
		{57FD13F8-696A-407E-8913-CA26A806E7FA}.Debug|Any CPU.ActiveCfg = Debug|Any CPU
		{57FD13F8-696A-407E-8913-CA26A806E7FA}.Debug|Any CPU.Build.0 = Debug|Any CPU
		{57FD13F8-696A-407E-8913-CA26A806E7FA}.Debug|Any CPU.Deploy.0 = Debug|Any CPU
		{57FD13F8-696A-407E-8913-CA26A806E7FA}.Release|Any CPU.ActiveCfg = Release|Any CPU
		{57FD13F8-696A-407E-8913-CA26A806E7FA}.Release|Any CPU.Build.0 = Release|Any CPU
		{57FD13F8-696A-407E-8913-CA26A806E7FA}.Release|Any CPU.Deploy.0 = Release|Any CPU
	EndGlobalSection
	GlobalSection(SolutionProperties) = preSolution
		HideSolutionNode = FALSE
	EndGlobalSection
EndGlobal
